// !$*UTF8*$!
{
	archiveVersion = 1;
	classes = {
	};
	objectVersion = 50;
	objects = {

/* Begin PBXBuildFile section */
		FB8F61892350727700E65263 /* AppDelegate.swift in Sources */ = {isa = PBXBuildFile; fileRef = FB8F61882350727700E65263 /* AppDelegate.swift */; };
		FB8F618B2350727700E65263 /* SceneDelegate.swift in Sources */ = {isa = PBXBuildFile; fileRef = FB8F618A2350727700E65263 /* SceneDelegate.swift */; };
		FB8F61902350727700E65263 /* Main.storyboard in Resources */ = {isa = PBXBuildFile; fileRef = FB8F618E2350727700E65263 /* Main.storyboard */; };
		FB8F61932350727700E65263 /* DouYuZB.xcdatamodeld in Sources */ = {isa = PBXBuildFile; fileRef = FB8F61912350727700E65263 /* DouYuZB.xcdatamodeld */; };
		FB8F61952350727A00E65263 /* Assets.xcassets in Resources */ = {isa = PBXBuildFile; fileRef = FB8F61942350727A00E65263 /* Assets.xcassets */; };
		FB8F61982350727A00E65263 /* LaunchScreen.storyboard in Resources */ = {isa = PBXBuildFile; fileRef = FB8F61962350727A00E65263 /* LaunchScreen.storyboard */; };
		FB8F61A32350727A00E65263 /* DouYuZBTests.swift in Sources */ = {isa = PBXBuildFile; fileRef = FB8F61A22350727A00E65263 /* DouYuZBTests.swift */; };
		FB8F61AE2350727B00E65263 /* DouYuZBUITests.swift in Sources */ = {isa = PBXBuildFile; fileRef = FB8F61AD2350727B00E65263 /* DouYuZBUITests.swift */; };
/* End PBXBuildFile section */

/* Begin PBXContainerItemProxy section */
		FB8F619F2350727A00E65263 /* PBXContainerItemProxy */ = {
			isa = PBXContainerItemProxy;
			containerPortal = FB8F617D2350727700E65263 /* Project object */;
			proxyType = 1;
			remoteGlobalIDString = FB8F61842350727700E65263;
			remoteInfo = DouYuZB;
		};
		FB8F61AA2350727A00E65263 /* PBXContainerItemProxy */ = {
			isa = PBXContainerItemProxy;
			containerPortal = FB8F617D2350727700E65263 /* Project object */;
			proxyType = 1;
			remoteGlobalIDString = FB8F61842350727700E65263;
			remoteInfo = DouYuZB;
		};
/* End PBXContainerItemProxy section */

/* Begin PBXFileReference section */
		FB8F61852350727700E65263 /* DouYuZB.app */ = {isa = PBXFileReference; explicitFileType = wrapper.application; includeInIndex = 0; path = DouYuZB.app; sourceTree = BUILT_PRODUCTS_DIR; };
		FB8F61882350727700E65263 /* AppDelegate.swift */ = {isa = PBXFileReference; lastKnownFileType = sourcecode.swift; path = AppDelegate.swift; sourceTree = "<group>"; };
		FB8F618A2350727700E65263 /* SceneDelegate.swift */ = {isa = PBXFileReference; lastKnownFileType = sourcecode.swift; path = SceneDelegate.swift; sourceTree = "<group>"; };
		FB8F618F2350727700E65263 /* Base */ = {isa = PBXFileReference; lastKnownFileType = file.storyboard; name = Base; path = Base.lproj/Main.storyboard; sourceTree = "<group>"; };
		FB8F61922350727700E65263 /* DouYuZB.xcdatamodel */ = {isa = PBXFileReference; lastKnownFileType = wrapper.xcdatamodel; path = DouYuZB.xcdatamodel; sourceTree = "<group>"; };
		FB8F61942350727A00E65263 /* Assets.xcassets */ = {isa = PBXFileReference; lastKnownFileType = folder.assetcatalog; path = Assets.xcassets; sourceTree = "<group>"; };
		FB8F61972350727A00E65263 /* Base */ = {isa = PBXFileReference; lastKnownFileType = file.storyboard; name = Base; path = Base.lproj/LaunchScreen.storyboard; sourceTree = "<group>"; };
		FB8F61992350727A00E65263 /* Info.plist */ = {isa = PBXFileReference; lastKnownFileType = text.plist.xml; path = Info.plist; sourceTree = "<group>"; };
		FB8F619E2350727A00E65263 /* DouYuZBTests.xctest */ = {isa = PBXFileReference; explicitFileType = wrapper.cfbundle; includeInIndex = 0; path = DouYuZBTests.xctest; sourceTree = BUILT_PRODUCTS_DIR; };
		FB8F61A22350727A00E65263 /* DouYuZBTests.swift */ = {isa = PBXFileReference; lastKnownFileType = sourcecode.swift; path = DouYuZBTests.swift; sourceTree = "<group>"; };
		FB8F61A42350727A00E65263 /* Info.plist */ = {isa = PBXFileReference; lastKnownFileType = text.plist.xml; path = Info.plist; sourceTree = "<group>"; };
		FB8F61A92350727A00E65263 /* DouYuZBUITests.xctest */ = {isa = PBXFileReference; explicitFileType = wrapper.cfbundle; includeInIndex = 0; path = DouYuZBUITests.xctest; sourceTree = BUILT_PRODUCTS_DIR; };
		FB8F61AD2350727B00E65263 /* DouYuZBUITests.swift */ = {isa = PBXFileReference; lastKnownFileType = sourcecode.swift; path = DouYuZBUITests.swift; sourceTree = "<group>"; };
		FB8F61AF2350727B00E65263 /* Info.plist */ = {isa = PBXFileReference; lastKnownFileType = text.plist.xml; path = Info.plist; sourceTree = "<group>"; };
/* End PBXFileReference section */

/* Begin PBXFrameworksBuildPhase section */
		FB8F61822350727700E65263 /* Frameworks */ = {
			isa = PBXFrameworksBuildPhase;
			buildActionMask = 2147483647;
			files = (
			);
			runOnlyForDeploymentPostprocessing = 0;
		};
		FB8F619B2350727A00E65263 /* Frameworks */ = {
			isa = PBXFrameworksBuildPhase;
			buildActionMask = 2147483647;
			files = (
			);
			runOnlyForDeploymentPostprocessing = 0;
		};
		FB8F61A62350727A00E65263 /* Frameworks */ = {
			isa = PBXFrameworksBuildPhase;
			buildActionMask = 2147483647;
			files = (
			);
			runOnlyForDeploymentPostprocessing = 0;
		};
/* End PBXFrameworksBuildPhase section */

/* Begin PBXGroup section */
		FB8F617C2350727700E65263 = {
			isa = PBXGroup;
			children = (
				FB8F61872350727700E65263 /* DouYuZB */,
				FB8F61A12350727A00E65263 /* DouYuZBTests */,
				FB8F61AC2350727B00E65263 /* DouYuZBUITests */,
				FB8F61862350727700E65263 /* Products */,
			);
			sourceTree = "<group>";
		};
		FB8F61862350727700E65263 /* Products */ = {
			isa = PBXGroup;
			children = (
				FB8F61852350727700E65263 /* DouYuZB.app */,
				FB8F619E2350727A00E65263 /* DouYuZBTests.xctest */,
				FB8F61A92350727A00E65263 /* DouYuZBUITests.xctest */,
			);
			name = Products;
			sourceTree = "<group>";
		};
		FB8F61872350727700E65263 /* DouYuZB */ = {
			isa = PBXGroup;
			children = (
				FB8F61C223516AFB00E65263 /* Classes */,
				FB8F61882350727700E65263 /* AppDelegate.swift */,
				FB8F618A2350727700E65263 /* SceneDelegate.swift */,
				FB8F618E2350727700E65263 /* Main.storyboard */,
				FB8F61942350727A00E65263 /* Assets.xcassets */,
				FB8F61962350727A00E65263 /* LaunchScreen.storyboard */,
				FB8F61992350727A00E65263 /* Info.plist */,
				FB8F61912350727700E65263 /* DouYuZB.xcdatamodeld */,
			);
			path = DouYuZB;
			sourceTree = "<group>";
		};
		FB8F61A12350727A00E65263 /* DouYuZBTests */ = {
			isa = PBXGroup;
			children = (
				FB8F61A22350727A00E65263 /* DouYuZBTests.swift */,
				FB8F61A42350727A00E65263 /* Info.plist */,
			);
			path = DouYuZBTests;
			sourceTree = "<group>";
		};
		FB8F61AC2350727B00E65263 /* DouYuZBUITests */ = {
			isa = PBXGroup;
			children = (
				FB8F61AD2350727B00E65263 /* DouYuZBUITests.swift */,
				FB8F61AF2350727B00E65263 /* Info.plist */,
			);
			path = DouYuZBUITests;
			sourceTree = "<group>";
		};
		FB8F61C223516AFB00E65263 /* Classes */ = {
			isa = PBXGroup;
			children = (
				FB8F61C823516AFB00E65263 /* Main */,
				FB8F61C323516AFB00E65263 /* Home */,
				FB8F61C723516AFB00E65263 /* Live */,
				FB8F61C523516AFB00E65263 /* Follow */,
				FB8F61C623516AFB00E65263 /* Profile */,
				FB8F61C423516AFB00E65263 /* Tools */,
			);
			path = Classes;
			sourceTree = "<group>";
		};
		FB8F61C323516AFB00E65263 /* Home */ = {
			isa = PBXGroup;
			children = (
			);
			path = Home;
			sourceTree = "<group>";
		};
		FB8F61C423516AFB00E65263 /* Tools */ = {
			isa = PBXGroup;
			children = (
			);
			path = Tools;
			sourceTree = "<group>";
		};
		FB8F61C523516AFB00E65263 /* Follow */ = {
			isa = PBXGroup;
			children = (
			);
			path = Follow;
			sourceTree = "<group>";
		};
		FB8F61C623516AFB00E65263 /* Profile */ = {
			isa = PBXGroup;
			children = (
			);
			path = Profile;
			sourceTree = "<group>";
		};
		FB8F61C723516AFB00E65263 /* Live */ = {
			isa = PBXGroup;
			children = (
			);
			path = Live;
			sourceTree = "<group>";
		};
		FB8F61C823516AFB00E65263 /* Main */ = {
			isa = PBXGroup;
			children = (
			);
			path = Main;
			sourceTree = "<group>";
		};
/* End PBXGroup section */

/* Begin PBXNativeTarget section */
		FB8F61842350727700E65263 /* DouYuZB */ = {
			isa = PBXNativeTarget;
			buildConfigurationList = FB8F61B22350727B00E65263 /* Build configuration list for PBXNativeTarget "DouYuZB" */;
			buildPhases = (
				FB8F61812350727700E65263 /* Sources */,
				FB8F61822350727700E65263 /* Frameworks */,
				FB8F61832350727700E65263 /* Resources */,
			);
			buildRules = (
			);
			dependencies = (
			);
			name = DouYuZB;
			productName = DouYuZB;
			productReference = FB8F61852350727700E65263 /* DouYuZB.app */;
			productType = "com.apple.product-type.application";
		};
		FB8F619D2350727A00E65263 /* DouYuZBTests */ = {
			isa = PBXNativeTarget;
			buildConfigurationList = FB8F61B52350727B00E65263 /* Build configuration list for PBXNativeTarget "DouYuZBTests" */;
			buildPhases = (
				FB8F619A2350727A00E65263 /* Sources */,
				FB8F619B2350727A00E65263 /* Frameworks */,
				FB8F619C2350727A00E65263 /* Resources */,
			);
			buildRules = (
			);
			dependencies = (
				FB8F61A02350727A00E65263 /* PBXTargetDependency */,
			);
			name = DouYuZBTests;
			productName = DouYuZBTests;
			productReference = FB8F619E2350727A00E65263 /* DouYuZBTests.xctest */;
			productType = "com.apple.product-type.bundle.unit-test";
		};
		FB8F61A82350727A00E65263 /* DouYuZBUITests */ = {
			isa = PBXNativeTarget;
			buildConfigurationList = FB8F61B82350727B00E65263 /* Build configuration list for PBXNativeTarget "DouYuZBUITests" */;
			buildPhases = (
				FB8F61A52350727A00E65263 /* Sources */,
				FB8F61A62350727A00E65263 /* Frameworks */,
				FB8F61A72350727A00E65263 /* Resources */,
			);
			buildRules = (
			);
			dependencies = (
				FB8F61AB2350727A00E65263 /* PBXTargetDependency */,
			);
			name = DouYuZBUITests;
			productName = DouYuZBUITests;
			productReference = FB8F61A92350727A00E65263 /* DouYuZBUITests.xctest */;
			productType = "com.apple.product-type.bundle.ui-testing";
		};
/* End PBXNativeTarget section */

/* Begin PBXProject section */
		FB8F617D2350727700E65263 /* Project object */ = {
			isa = PBXProject;
			attributes = {
				LastSwiftUpdateCheck = 1110;
				LastUpgradeCheck = 1110;
				ORGANIZATIONNAME = HFX;
				TargetAttributes = {
					FB8F61842350727700E65263 = {
						CreatedOnToolsVersion = 11.1;
					};
					FB8F619D2350727A00E65263 = {
						CreatedOnToolsVersion = 11.1;
						TestTargetID = FB8F61842350727700E65263;
					};
					FB8F61A82350727A00E65263 = {
						CreatedOnToolsVersion = 11.1;
						TestTargetID = FB8F61842350727700E65263;
					};
				};
			};
			buildConfigurationList = FB8F61802350727700E65263 /* Build configuration list for PBXProject "DouYuZB" */;
			compatibilityVersion = "Xcode 9.3";
			developmentRegion = en;
			hasScannedForEncodings = 0;
			knownRegions = (
				en,
				Base,
			);
			mainGroup = FB8F617C2350727700E65263;
			productRefGroup = FB8F61862350727700E65263 /* Products */;
			projectDirPath = "";
			projectRoot = "";
			targets = (
				FB8F61842350727700E65263 /* DouYuZB */,
				FB8F619D2350727A00E65263 /* DouYuZBTests */,
				FB8F61A82350727A00E65263 /* DouYuZBUITests */,
			);
		};
/* End PBXProject section */

/* Begin PBXResourcesBuildPhase section */
		FB8F61832350727700E65263 /* Resources */ = {
			isa = PBXResourcesBuildPhase;
			buildActionMask = 2147483647;
			files = (
				FB8F61982350727A00E65263 /* LaunchScreen.storyboard in Resources */,
				FB8F61952350727A00E65263 /* Assets.xcassets in Resources */,
				FB8F61902350727700E65263 /* Main.storyboard in Resources */,
			);
			runOnlyForDeploymentPostprocessing = 0;
		};
		FB8F619C2350727A00E65263 /* Resources */ = {
			isa = PBXResourcesBuildPhase;
			buildActionMask = 2147483647;
			files = (
			);
			runOnlyForDeploymentPostprocessing = 0;
		};
		FB8F61A72350727A00E65263 /* Resources */ = {
			isa = PBXResourcesBuildPhase;
			buildActionMask = 2147483647;
			files = (
			);
			runOnlyForDeploymentPostprocessing = 0;
		};
/* End PBXResourcesBuildPhase section */

/* Begin PBXSourcesBuildPhase section */
		FB8F61812350727700E65263 /* Sources */ = {
			isa = PBXSourcesBuildPhase;
			buildActionMask = 2147483647;
			files = (
				FB8F61892350727700E65263 /* AppDelegate.swift in Sources */,
				FB8F61932350727700E65263 /* DouYuZB.xcdatamodeld in Sources */,
				FB8F618B2350727700E65263 /* SceneDelegate.swift in Sources */,
			);
			runOnlyForDeploymentPostprocessing = 0;
		};
		FB8F619A2350727A00E65263 /* Sources */ = {
			isa = PBXSourcesBuildPhase;
			buildActionMask = 2147483647;
			files = (
				FB8F61A32350727A00E65263 /* DouYuZBTests.swift in Sources */,
			);
			runOnlyForDeploymentPostprocessing = 0;
		};
		FB8F61A52350727A00E65263 /* Sources */ = {
			isa = PBXSourcesBuildPhase;
			buildActionMask = 2147483647;
			files = (
				FB8F61AE2350727B00E65263 /* DouYuZBUITests.swift in Sources */,
			);
			runOnlyForDeploymentPostprocessing = 0;
		};
/* End PBXSourcesBuildPhase section */

/* Begin PBXTargetDependency section */
		FB8F61A02350727A00E65263 /* PBXTargetDependency */ = {
			isa = PBXTargetDependency;
			target = FB8F61842350727700E65263 /* DouYuZB */;
			targetProxy = FB8F619F2350727A00E65263 /* PBXContainerItemProxy */;
		};
		FB8F61AB2350727A00E65263 /* PBXTargetDependency */ = {
			isa = PBXTargetDependency;
			target = FB8F61842350727700E65263 /* DouYuZB */;
			targetProxy = FB8F61AA2350727A00E65263 /* PBXContainerItemProxy */;
		};
/* End PBXTargetDependency section */

/* Begin PBXVariantGroup section */
		FB8F618E2350727700E65263 /* Main.storyboard */ = {
			isa = PBXVariantGroup;
			children = (
				FB8F618F2350727700E65263 /* Base */,
			);
			name = Main.storyboard;
			sourceTree = "<group>";
		};
		FB8F61962350727A00E65263 /* LaunchScreen.storyboard */ = {
			isa = PBXVariantGroup;
			children = (
				FB8F61972350727A00E65263 /* Base */,
			);
			name = LaunchScreen.storyboard;
			sourceTree = "<group>";
		};
/* End PBXVariantGroup section */

/* Begin XCBuildConfiguration section */
		FB8F61B02350727B00E65263 /* Debug */ = {
			isa = XCBuildConfiguration;
			buildSettings = {
				ALWAYS_SEARCH_USER_PATHS = NO;
				CLANG_ANALYZER_NONNULL = YES;
				CLANG_ANALYZER_NUMBER_OBJECT_CONVERSION = YES_AGGRESSIVE;
				CLANG_CXX_LANGUAGE_STANDARD = "gnu++14";
				CLANG_CXX_LIBRARY = "libc++";
				CLANG_ENABLE_MODULES = YES;
				CLANG_ENABLE_OBJC_ARC = YES;
				CLANG_ENABLE_OBJC_WEAK = YES;
				CLANG_WARN_BLOCK_CAPTURE_AUTORELEASING = YES;
				CLANG_WARN_BOOL_CONVERSION = YES;
				CLANG_WARN_COMMA = YES;
				CLANG_WARN_CONSTANT_CONVERSION = YES;
				CLANG_WARN_DEPRECATED_OBJC_IMPLEMENTATIONS = YES;
				CLANG_WARN_DIRECT_OBJC_ISA_USAGE = YES_ERROR;
				CLANG_WARN_DOCUMENTATION_COMMENTS = YES;
				CLANG_WARN_EMPTY_BODY = YES;
				CLANG_WARN_ENUM_CONVERSION = YES;
				CLANG_WARN_INFINITE_RECURSION = YES;
				CLANG_WARN_INT_CONVERSION = YES;
				CLANG_WARN_NON_LITERAL_NULL_CONVERSION = YES;
				CLANG_WARN_OBJC_IMPLICIT_RETAIN_SELF = YES;
				CLANG_WARN_OBJC_LITERAL_CONVERSION = YES;
				CLANG_WARN_OBJC_ROOT_CLASS = YES_ERROR;
				CLANG_WARN_RANGE_LOOP_ANALYSIS = YES;
				CLANG_WARN_STRICT_PROTOTYPES = YES;
				CLANG_WARN_SUSPICIOUS_MOVE = YES;
				CLANG_WARN_UNGUARDED_AVAILABILITY = YES_AGGRESSIVE;
				CLANG_WARN_UNREACHABLE_CODE = YES;
				CLANG_WARN__DUPLICATE_METHOD_MATCH = YES;
				COPY_PHASE_STRIP = NO;
				DEBUG_INFORMATION_FORMAT = dwarf;
				ENABLE_STRICT_OBJC_MSGSEND = YES;
				ENABLE_TESTABILITY = YES;
				GCC_C_LANGUAGE_STANDARD = gnu11;
				GCC_DYNAMIC_NO_PIC = NO;
				GCC_NO_COMMON_BLOCKS = YES;
				GCC_OPTIMIZATION_LEVEL = 0;
				GCC_PREPROCESSOR_DEFINITIONS = (
					"DEBUG=1",
					"$(inherited)",
				);
				GCC_WARN_64_TO_32_BIT_CONVERSION = YES;
				GCC_WARN_ABOUT_RETURN_TYPE = YES_ERROR;
				GCC_WARN_UNDECLARED_SELECTOR = YES;
				GCC_WARN_UNINITIALIZED_AUTOS = YES_AGGRESSIVE;
				GCC_WARN_UNUSED_FUNCTION = YES;
				GCC_WARN_UNUSED_VARIABLE = YES;
				IPHONEOS_DEPLOYMENT_TARGET = 13.1;
				MTL_ENABLE_DEBUG_INFO = INCLUDE_SOURCE;
				MTL_FAST_MATH = YES;
				ONLY_ACTIVE_ARCH = YES;
				SDKROOT = iphoneos;
				SWIFT_ACTIVE_COMPILATION_CONDITIONS = DEBUG;
				SWIFT_OPTIMIZATION_LEVEL = "-Onone";
			};
			name = Debug;
		};
		FB8F61B12350727B00E65263 /* Release */ = {
			isa = XCBuildConfiguration;
			buildSettings = {
				ALWAYS_SEARCH_USER_PATHS = NO;
				CLANG_ANALYZER_NONNULL = YES;
				CLANG_ANALYZER_NUMBER_OBJECT_CONVERSION = YES_AGGRESSIVE;
				CLANG_CXX_LANGUAGE_STANDARD = "gnu++14";
				CLANG_CXX_LIBRARY = "libc++";
				CLANG_ENABLE_MODULES = YES;
				CLANG_ENABLE_OBJC_ARC = YES;
				CLANG_ENABLE_OBJC_WEAK = YES;
				CLANG_WARN_BLOCK_CAPTURE_AUTORELEASING = YES;
				CLANG_WARN_BOOL_CONVERSION = YES;
				CLANG_WARN_COMMA = YES;
				CLANG_WARN_CONSTANT_CONVERSION = YES;
				CLANG_WARN_DEPRECATED_OBJC_IMPLEMENTATIONS = YES;
				CLANG_WARN_DIRECT_OBJC_ISA_USAGE = YES_ERROR;
				CLANG_WARN_DOCUMENTATION_COMMENTS = YES;
				CLANG_WARN_EMPTY_BODY = YES;
				CLANG_WARN_ENUM_CONVERSION = YES;
				CLANG_WARN_INFINITE_RECURSION = YES;
				CLANG_WARN_INT_CONVERSION = YES;
				CLANG_WARN_NON_LITERAL_NULL_CONVERSION = YES;
				CLANG_WARN_OBJC_IMPLICIT_RETAIN_SELF = YES;
				CLANG_WARN_OBJC_LITERAL_CONVERSION = YES;
				CLANG_WARN_OBJC_ROOT_CLASS = YES_ERROR;
				CLANG_WARN_RANGE_LOOP_ANALYSIS = YES;
				CLANG_WARN_STRICT_PROTOTYPES = YES;
				CLANG_WARN_SUSPICIOUS_MOVE = YES;
				CLANG_WARN_UNGUARDED_AVAILABILITY = YES_AGGRESSIVE;
				CLANG_WARN_UNREACHABLE_CODE = YES;
				CLANG_WARN__DUPLICATE_METHOD_MATCH = YES;
				COPY_PHASE_STRIP = NO;
				DEBUG_INFORMATION_FORMAT = "dwarf-with-dsym";
				ENABLE_NS_ASSERTIONS = NO;
				ENABLE_STRICT_OBJC_MSGSEND = YES;
				GCC_C_LANGUAGE_STANDARD = gnu11;
				GCC_NO_COMMON_BLOCKS = YES;
				GCC_WARN_64_TO_32_BIT_CONVERSION = YES;
				GCC_WARN_ABOUT_RETURN_TYPE = YES_ERROR;
				GCC_WARN_UNDECLARED_SELECTOR = YES;
				GCC_WARN_UNINITIALIZED_AUTOS = YES_AGGRESSIVE;
				GCC_WARN_UNUSED_FUNCTION = YES;
				GCC_WARN_UNUSED_VARIABLE = YES;
				IPHONEOS_DEPLOYMENT_TARGET = 13.1;
				MTL_ENABLE_DEBUG_INFO = NO;
				MTL_FAST_MATH = YES;
				SDKROOT = iphoneos;
				SWIFT_COMPILATION_MODE = wholemodule;
				SWIFT_OPTIMIZATION_LEVEL = "-O";
				VALIDATE_PRODUCT = YES;
			};
			name = Release;
		};
		FB8F61B32350727B00E65263 /* Debug */ = {
			isa = XCBuildConfiguration;
			buildSettings = {
				ASSETCATALOG_COMPILER_APPICON_NAME = AppIcon;
				CODE_SIGN_STYLE = Automatic;
				DEVELOPMENT_TEAM = 6T346DVJJZ;
				INFOPLIST_FILE = DouYuZB/Info.plist;
				LD_RUNPATH_SEARCH_PATHS = (
					"$(inherited)",
					"@executable_path/Frameworks",
				);
				PRODUCT_BUNDLE_IDENTIFIER = com.IFLYTEK.DouYuZB;
				PRODUCT_NAME = "$(TARGET_NAME)";
				SWIFT_VERSION = 5.0;
				TARGETED_DEVICE_FAMILY = "1,2";
			};
			name = Debug;
		};
		FB8F61B42350727B00E65263 /* Release */ = {
			isa = XCBuildConfiguration;
			buildSettings = {
				ASSETCATALOG_COMPILER_APPICON_NAME = AppIcon;
				CODE_SIGN_STYLE = Automatic;
				DEVELOPMENT_TEAM = 6T346DVJJZ;
				INFOPLIST_FILE = DouYuZB/Info.plist;
				LD_RUNPATH_SEARCH_PATHS = (
					"$(inherited)",
					"@executable_path/Frameworks",
				);
				PRODUCT_BUNDLE_IDENTIFIER = com.IFLYTEK.DouYuZB;
				PRODUCT_NAME = "$(TARGET_NAME)";
				SWIFT_VERSION = 5.0;
				TARGETED_DEVICE_FAMILY = "1,2";
			};
			name = Release;
		};
		FB8F61B62350727B00E65263 /* Debug */ = {
			isa = XCBuildConfiguration;
			buildSettings = {
				ALWAYS_EMBED_SWIFT_STANDARD_LIBRARIES = YES;
				BUNDLE_LOADER = "$(TEST_HOST)";
				CODE_SIGN_STYLE = Automatic;
				DEVELOPMENT_TEAM = 6T346DVJJZ;
				INFOPLIST_FILE = DouYuZBTests/Info.plist;
				IPHONEOS_DEPLOYMENT_TARGET = 13.1;
				LD_RUNPATH_SEARCH_PATHS = (
					"$(inherited)",
					"@executable_path/Frameworks",
					"@loader_path/Frameworks",
				);
				PRODUCT_BUNDLE_IDENTIFIER = com.IFLYTEK.DouYuZBTests;
				PRODUCT_NAME = "$(TARGET_NAME)";
				SWIFT_VERSION = 5.0;
				TARGETED_DEVICE_FAMILY = "1,2";
				TEST_HOST = "$(BUILT_PRODUCTS_DIR)/DouYuZB.app/DouYuZB";
			};
			name = Debug;
		};
		FB8F61B72350727B00E65263 /* Release */ = {
			isa = XCBuildConfiguration;
			buildSettings = {
				ALWAYS_EMBED_SWIFT_STANDARD_LIBRARIES = YES;
				BUNDLE_LOADER = "$(TEST_HOST)";
				CODE_SIGN_STYLE = Automatic;
				DEVELOPMENT_TEAM = 6T346DVJJZ;
				INFOPLIST_FILE = DouYuZBTests/Info.plist;
				IPHONEOS_DEPLOYMENT_TARGET = 13.1;
				LD_RUNPATH_SEARCH_PATHS = (
					"$(inherited)",
					"@executable_path/Frameworks",
					"@loader_path/Frameworks",
				);
				PRODUCT_BUNDLE_IDENTIFIER = com.IFLYTEK.DouYuZBTests;
				PRODUCT_NAME = "$(TARGET_NAME)";
				SWIFT_VERSION = 5.0;
				TARGETED_DEVICE_FAMILY = "1,2";
				TEST_HOST = "$(BUILT_PRODUCTS_DIR)/DouYuZB.app/DouYuZB";
			};
			name = Release;
		};
		FB8F61B92350727B00E65263 /* Debug */ = {
			isa = XCBuildConfiguration;
			buildSettings = {
				ALWAYS_EMBED_SWIFT_STANDARD_LIBRARIES = YES;
				CODE_SIGN_STYLE = Automatic;
				DEVELOPMENT_TEAM = 6T346DVJJZ;
				INFOPLIST_FILE = DouYuZBUITests/Info.plist;
				LD_RUNPATH_SEARCH_PATHS = (
					"$(inherited)",
					"@executable_path/Frameworks",
					"@loader_path/Frameworks",
				);
				PRODUCT_BUNDLE_IDENTIFIER = com.IFLYTEK.DouYuZBUITests;
				PRODUCT_NAME = "$(TARGET_NAME)";
				SWIFT_VERSION = 5.0;
				TARGETED_DEVICE_FAMILY = "1,2";
				TEST_TARGET_NAME = DouYuZB;
			};
			name = Debug;
		};
		FB8F61BA2350727B00E65263 /* Release */ = {
			isa = XCBuildConfiguration;
			buildSettings = {
				ALWAYS_EMBED_SWIFT_STANDARD_LIBRARIES = YES;
				CODE_SIGN_STYLE = Automatic;
				DEVELOPMENT_TEAM = 6T346DVJJZ;
				INFOPLIST_FILE = DouYuZBUITests/Info.plist;
				LD_RUNPATH_SEARCH_PATHS = (
					"$(inherited)",
					"@executable_path/Frameworks",
					"@loader_path/Frameworks",
				);
				PRODUCT_BUNDLE_IDENTIFIER = com.IFLYTEK.DouYuZBUITests;
				PRODUCT_NAME = "$(TARGET_NAME)";
				SWIFT_VERSION = 5.0;
				TARGETED_DEVICE_FAMILY = "1,2";
				TEST_TARGET_NAME = DouYuZB;
			};
			name = Release;
		};
/* End XCBuildConfiguration section */

/* Begin XCConfigurationList section */
		FB8F61802350727700E65263 /* Build configuration list for PBXProject "DouYuZB" */ = {
			isa = XCConfigurationList;
			buildConfigurations = (
				FB8F61B02350727B00E65263 /* Debug */,
				FB8F61B12350727B00E65263 /* Release */,
			);
			defaultConfigurationIsVisible = 0;
			defaultConfigurationName = Release;
		};
		FB8F61B22350727B00E65263 /* Build configuration list for PBXNativeTarget "DouYuZB" */ = {
			isa = XCConfigurationList;
			buildConfigurations = (
				FB8F61B32350727B00E65263 /* Debug */,
				FB8F61B42350727B00E65263 /* Release */,
			);
			defaultConfigurationIsVisible = 0;
			defaultConfigurationName = Release;
		};
		FB8F61B52350727B00E65263 /* Build configuration list for PBXNativeTarget "DouYuZBTests" */ = {
			isa = XCConfigurationList;
			buildConfigurations = (
				FB8F61B62350727B00E65263 /* Debug */,
				FB8F61B72350727B00E65263 /* Release */,
			);
			defaultConfigurationIsVisible = 0;
			defaultConfigurationName = Release;
		};
		FB8F61B82350727B00E65263 /* Build configuration list for PBXNativeTarget "DouYuZBUITests" */ = {
			isa = XCConfigurationList;
			buildConfigurations = (
				FB8F61B92350727B00E65263 /* Debug */,
				FB8F61BA2350727B00E65263 /* Release */,
			);
			defaultConfigurationIsVisible = 0;
			defaultConfigurationName = Release;
		};
/* End XCConfigurationList section */

/* Begin XCVersionGroup section */
		FB8F61912350727700E65263 /* DouYuZB.xcdatamodeld */ = {
			isa = XCVersionGroup;
			children = (
				FB8F61922350727700E65263 /* DouYuZB.xcdatamodel */,
			);
			currentVersion = FB8F61922350727700E65263 /* DouYuZB.xcdatamodel */;
			path = DouYuZB.xcdatamodeld;
			sourceTree = "<group>";
			versionGroupType = wrapper.xcdatamodel;
		};
/* End XCVersionGroup section */
	};
	rootObject = FB8F617D2350727700E65263 /* Project object */;
}
